{
  "name": "@calculatorandconverter.com/array-statistics",
  "version": "1.0.0",
  "lockfileVersion": 2,
  "requires": true,
  "packages": {
    "": {
      "version": "1.0.0",
      "dependencies": {
        "big-js": "^3.1.3"
      }
    },
    "node_modules/big-js": {
      "version": "3.1.3",
      "resolved": "https://registry.npmjs.org/big-js/-/big-js-3.1.3.tgz",
      "integrity": "sha1-CI5zr9UVko3ZGX/C02SIORvDvDo=",
      "engines": {
        "node": "*"
      }
    }
  },
  "dependencies": {
    "big-js": {
      "version": "3.1.3",
      "resolved": "https://registry.npmjs.org/big-js/-/big-js-3.1.3.tgz",
      "integrity": "sha1-CI5zr9UVko3ZGX/C02SIORvDvDo="
    }
  }
}
